// !$*UTF8*$!
{
	archiveVersion = 1;
	classes = {
	};
	objectVersion = 77;
	objects = {

/* Begin PBXBuildFile section */
		2729907950F425CF6BBEC0FA /* TagPickerView.swift in Sources */ = {isa = PBXBuildFile; fileRef = C27D54036DAAEA02B8E7BAB5 /* TagPickerView.swift */; };
		2C2C2F25D13B9A6617C364E7 /* PrivacyInfo.xcprivacy in Resources */ = {isa = PBXBuildFile; fileRef = 58B5F37B8D6480780207B5D8 /* PrivacyInfo.xcprivacy */; };
		3D855089BD953AA1B452700D /* PomodoroFocusTests.swift in Sources */ = {isa = PBXBuildFile; fileRef = 801BF526A09F613D189C92C9 /* PomodoroFocusTests.swift */; };
		84E4FE17F3212D249A3B1C5F /* AppState.swift in Sources */ = {isa = PBXBuildFile; fileRef = BB7D7C3810B05D74F364BFD2 /* AppState.swift */; };
		9F160EDEE343FA0C0781A4DA /* TimerEngine.swift in Sources */ = {isa = PBXBuildFile; fileRef = 507D2236CA9252D91B6ED368 /* TimerEngine.swift */; };
		A4D72677CE4779EC7E8794A6 /* PomodoroFocusUITests.swift in Sources */ = {isa = PBXBuildFile; fileRef = C6247D2F85DB9392C3EF5618 /* PomodoroFocusUITests.swift */; };
		B3C73501017A5A7584B2CBF3 /* ContentView.swift in Sources */ = {isa = PBXBuildFile; fileRef = 289411F1834B581F46E12765 /* ContentView.swift */; };
		C145B5713D74945B16538445 /* PomodoroFocusApp.swift in Sources */ = {isa = PBXBuildFile; fileRef = 0D5E63C816DB15696E322169 /* PomodoroFocusApp.swift */; };
		C2FAB99967C35F080247DD5E /* CircularTimerView.swift in Sources */ = {isa = PBXBuildFile; fileRef = AA5641B2A9BD2BBAD1E41A77 /* CircularTimerView.swift */; };
		EDA41EC550969067A45DCAA9 /* PlaceholderModels.swift in Sources */ = {isa = PBXBuildFile; fileRef = 8ABAEC30627FC95623A8DE6A /* PlaceholderModels.swift */; };
/* End PBXBuildFile section */

/* Begin PBXContainerItemProxy section */
		39D1684C7BE95C7C21C9E813 /* PBXContainerItemProxy */ = {
			isa = PBXContainerItemProxy;
			containerPortal = FE726AE6F471FC09A14C12BA /* Project object */;
			proxyType = 1;
			remoteGlobalIDString = A3C60B108A59A8DB67C6CEDE;
			remoteInfo = PomodoroFocus;
		};
		58F503C14CA7AA3CAB7B7790 /* PBXContainerItemProxy */ = {
			isa = PBXContainerItemProxy;
			containerPortal = FE726AE6F471FC09A14C12BA /* Project object */;
			proxyType = 1;
			remoteGlobalIDString = A3C60B108A59A8DB67C6CEDE;
			remoteInfo = PomodoroFocus;
		};
/* End PBXContainerItemProxy section */

/* Begin PBXFileReference section */
		0D5E63C816DB15696E322169 /* PomodoroFocusApp.swift */ = {isa = PBXFileReference; lastKnownFileType = sourcecode.swift; path = PomodoroFocusApp.swift; sourceTree = "<group>"; };
		12B39FA91605B1033CB8837F /* PomodoroFocusUITests.xctest */ = {isa = PBXFileReference; includeInIndex = 0; lastKnownFileType = wrapper.cfbundle; path = PomodoroFocusUITests.xctest; sourceTree = BUILT_PRODUCTS_DIR; };
		1FFE494F72F2ACEFE3A1ED75 /* PomodoroFocusTests.xctest */ = {isa = PBXFileReference; includeInIndex = 0; lastKnownFileType = wrapper.cfbundle; path = PomodoroFocusTests.xctest; sourceTree = BUILT_PRODUCTS_DIR; };
		289411F1834B581F46E12765 /* ContentView.swift */ = {isa = PBXFileReference; lastKnownFileType = sourcecode.swift; path = ContentView.swift; sourceTree = "<group>"; };
		37F968691ED66E486630A7A5 /* PomodoroFocus.app */ = {isa = PBXFileReference; includeInIndex = 0; lastKnownFileType = wrapper.application; path = PomodoroFocus.app; sourceTree = BUILT_PRODUCTS_DIR; };
		507D2236CA9252D91B6ED368 /* TimerEngine.swift */ = {isa = PBXFileReference; lastKnownFileType = sourcecode.swift; path = TimerEngine.swift; sourceTree = "<group>"; };
		58B5F37B8D6480780207B5D8 /* PrivacyInfo.xcprivacy */ = {isa = PBXFileReference; path = PrivacyInfo.xcprivacy; sourceTree = "<group>"; };
		801BF526A09F613D189C92C9 /* PomodoroFocusTests.swift */ = {isa = PBXFileReference; lastKnownFileType = sourcecode.swift; path = PomodoroFocusTests.swift; sourceTree = "<group>"; };
		8ABAEC30627FC95623A8DE6A /* PlaceholderModels.swift */ = {isa = PBXFileReference; lastKnownFileType = sourcecode.swift; path = PlaceholderModels.swift; sourceTree = "<group>"; };
		AA5641B2A9BD2BBAD1E41A77 /* CircularTimerView.swift */ = {isa = PBXFileReference; lastKnownFileType = sourcecode.swift; path = CircularTimerView.swift; sourceTree = "<group>"; };
		BB7D7C3810B05D74F364BFD2 /* AppState.swift */ = {isa = PBXFileReference; lastKnownFileType = sourcecode.swift; path = AppState.swift; sourceTree = "<group>"; };
		C27D54036DAAEA02B8E7BAB5 /* TagPickerView.swift */ = {isa = PBXFileReference; lastKnownFileType = sourcecode.swift; path = TagPickerView.swift; sourceTree = "<group>"; };
		C6247D2F85DB9392C3EF5618 /* PomodoroFocusUITests.swift */ = {isa = PBXFileReference; lastKnownFileType = sourcecode.swift; path = PomodoroFocusUITests.swift; sourceTree = "<group>"; };
/* End PBXFileReference section */

/* Begin PBXGroup section */
		0F16A8379D9EA3C98A4F41FD /* PomodoroFocus */ = {
			isa = PBXGroup;
			children = (
				BB7D7C3810B05D74F364BFD2 /* AppState.swift */,
				AA5641B2A9BD2BBAD1E41A77 /* CircularTimerView.swift */,
				289411F1834B581F46E12765 /* ContentView.swift */,
				8ABAEC30627FC95623A8DE6A /* PlaceholderModels.swift */,
				0D5E63C816DB15696E322169 /* PomodoroFocusApp.swift */,
				58B5F37B8D6480780207B5D8 /* PrivacyInfo.xcprivacy */,
				C27D54036DAAEA02B8E7BAB5 /* TagPickerView.swift */,
				507D2236CA9252D91B6ED368 /* TimerEngine.swift */,
			);
			name = PomodoroFocus;
			path = Sources/PomodoroFocus;
			sourceTree = "<group>";
		};
		305E690CEBA473279D575ABA /* Products */ = {
			isa = PBXGroup;
			children = (
				37F968691ED66E486630A7A5 /* PomodoroFocus.app */,
				1FFE494F72F2ACEFE3A1ED75 /* PomodoroFocusTests.xctest */,
				12B39FA91605B1033CB8837F /* PomodoroFocusUITests.xctest */,
			);
			name = Products;
			sourceTree = "<group>";
		};
		91C8EC999562952A0AB10573 /* PomodoroFocusUITests */ = {
			isa = PBXGroup;
			children = (
				C6247D2F85DB9392C3EF5618 /* PomodoroFocusUITests.swift */,
			);
			name = PomodoroFocusUITests;
			path = Sources/PomodoroFocusUITests;
			sourceTree = "<group>";
		};
		B95C8DCBFD001589ED6FCB86 = {
			isa = PBXGroup;
			children = (
				0F16A8379D9EA3C98A4F41FD /* PomodoroFocus */,
				F7B8FDF2C7222CB0133A2CE3 /* PomodoroFocusTests */,
				91C8EC999562952A0AB10573 /* PomodoroFocusUITests */,
				305E690CEBA473279D575ABA /* Products */,
			);
			sourceTree = "<group>";
		};
		F7B8FDF2C7222CB0133A2CE3 /* PomodoroFocusTests */ = {
			isa = PBXGroup;
			children = (
				801BF526A09F613D189C92C9 /* PomodoroFocusTests.swift */,
			);
			name = PomodoroFocusTests;
			path = Sources/PomodoroFocusTests;
			sourceTree = "<group>";
		};
/* End PBXGroup section */

/* Begin PBXNativeTarget section */
		00413DDA1C8F3B7944EE43D9 /* PomodoroFocusUITests */ = {
			isa = PBXNativeTarget;
			buildConfigurationList = 523D79AD1FA213753B4C9D88 /* Build configuration list for PBXNativeTarget "PomodoroFocusUITests" */;
			buildPhases = (
				40EA54235033C3D5FD0D3649 /* Sources */,
			);
			buildRules = (
			);
			dependencies = (
				76D1AC8AA39F00BFA50F964A /* PBXTargetDependency */,
			);
			name = PomodoroFocusUITests;
			packageProductDependencies = (
			);
			productName = PomodoroFocusUITests;
			productReference = 12B39FA91605B1033CB8837F /* PomodoroFocusUITests.xctest */;
			productType = "com.apple.product-type.bundle.ui-testing";
		};
		A3C60B108A59A8DB67C6CEDE /* PomodoroFocus */ = {
			isa = PBXNativeTarget;
			buildConfigurationList = 66EE7BE016EBFB03D3314D39 /* Build configuration list for PBXNativeTarget "PomodoroFocus" */;
			buildPhases = (
				59BA3FF864CD492AC51B4527 /* Sources */,
				EF4428CD4D2B77D7E61C1296 /* Resources */,
			);
			buildRules = (
			);
			dependencies = (
			);
			name = PomodoroFocus;
			packageProductDependencies = (
			);
			productName = PomodoroFocus;
			productReference = 37F968691ED66E486630A7A5 /* PomodoroFocus.app */;
			productType = "com.apple.product-type.application";
		};
		DB989855310EB183598431F6 /* PomodoroFocusTests */ = {
			isa = PBXNativeTarget;
			buildConfigurationList = 59F9FE8C43B816230BF93765 /* Build configuration list for PBXNativeTarget "PomodoroFocusTests" */;
			buildPhases = (
				7F8B519952258BEA1677211E /* Sources */,
			);
			buildRules = (
			);
			dependencies = (
				83BA98FC02B8F6683EFF6617 /* PBXTargetDependency */,
			);
			name = PomodoroFocusTests;
			packageProductDependencies = (
			);
			productName = PomodoroFocusTests;
			productReference = 1FFE494F72F2ACEFE3A1ED75 /* PomodoroFocusTests.xctest */;
			productType = "com.apple.product-type.bundle.unit-test";
		};
/* End PBXNativeTarget section */

/* Begin PBXProject section */
		FE726AE6F471FC09A14C12BA /* Project object */ = {
			isa = PBXProject;
			attributes = {
				BuildIndependentTargetsInParallel = YES;
				LastUpgradeCheck = 1600;
				TargetAttributes = {
					00413DDA1C8F3B7944EE43D9 = {
						TestTargetID = A3C60B108A59A8DB67C6CEDE;
					};
				};
			};
			buildConfigurationList = 7E36D267D8792FA8094B6DB7 /* Build configuration list for PBXProject "PomodoroFocus" */;
			compatibilityVersion = "Xcode 14.0";
			developmentRegion = en;
			hasScannedForEncodings = 0;
			knownRegions = (
				Base,
				en,
			);
			mainGroup = B95C8DCBFD001589ED6FCB86;
			minimizedProjectReferenceProxies = 1;
			preferredProjectObjectVersion = 77;
			projectDirPath = "";
			projectRoot = "";
			targets = (
				A3C60B108A59A8DB67C6CEDE /* PomodoroFocus */,
				DB989855310EB183598431F6 /* PomodoroFocusTests */,
				00413DDA1C8F3B7944EE43D9 /* PomodoroFocusUITests */,
			);
		};
/* End PBXProject section */

/* Begin PBXResourcesBuildPhase section */
		EF4428CD4D2B77D7E61C1296 /* Resources */ = {
			isa = PBXResourcesBuildPhase;
			buildActionMask = 2147483647;
			files = (
				2C2C2F25D13B9A6617C364E7 /* PrivacyInfo.xcprivacy in Resources */,
			);
			runOnlyForDeploymentPostprocessing = 0;
		};
/* End PBXResourcesBuildPhase section */

/* Begin PBXSourcesBuildPhase section */
		40EA54235033C3D5FD0D3649 /* Sources */ = {
			isa = PBXSourcesBuildPhase;
			buildActionMask = 2147483647;
			files = (
				A4D72677CE4779EC7E8794A6 /* PomodoroFocusUITests.swift in Sources */,
			);
			runOnlyForDeploymentPostprocessing = 0;
		};
		59BA3FF864CD492AC51B4527 /* Sources */ = {
			isa = PBXSourcesBuildPhase;
			buildActionMask = 2147483647;
			files = (
				84E4FE17F3212D249A3B1C5F /* AppState.swift in Sources */,
				C2FAB99967C35F080247DD5E /* CircularTimerView.swift in Sources */,
				B3C73501017A5A7584B2CBF3 /* ContentView.swift in Sources */,
				EDA41EC550969067A45DCAA9 /* PlaceholderModels.swift in Sources */,
				C145B5713D74945B16538445 /* PomodoroFocusApp.swift in Sources */,
				2729907950F425CF6BBEC0FA /* TagPickerView.swift in Sources */,
				9F160EDEE343FA0C0781A4DA /* TimerEngine.swift in Sources */,
			);
			runOnlyForDeploymentPostprocessing = 0;
		};
		7F8B519952258BEA1677211E /* Sources */ = {
			isa = PBXSourcesBuildPhase;
			buildActionMask = 2147483647;
			files = (
				3D855089BD953AA1B452700D /* PomodoroFocusTests.swift in Sources */,
			);
			runOnlyForDeploymentPostprocessing = 0;
		};
/* End PBXSourcesBuildPhase section */

/* Begin PBXTargetDependency section */
		76D1AC8AA39F00BFA50F964A /* PBXTargetDependency */ = {
			isa = PBXTargetDependency;
			target = A3C60B108A59A8DB67C6CEDE /* PomodoroFocus */;
			targetProxy = 39D1684C7BE95C7C21C9E813 /* PBXContainerItemProxy */;
		};
		83BA98FC02B8F6683EFF6617 /* PBXTargetDependency */ = {
			isa = PBXTargetDependency;
			target = A3C60B108A59A8DB67C6CEDE /* PomodoroFocus */;
			targetProxy = 58F503C14CA7AA3CAB7B7790 /* PBXContainerItemProxy */;
		};
/* End PBXTargetDependency section */

/* Begin XCBuildConfiguration section */
		64C58A7EC64A6667131B8336 /* Debug */ = {
			isa = XCBuildConfiguration;
			buildSettings = {
				BUNDLE_LOADER = "";
				GENERATE_INFOPLIST_FILE = YES;
				LD_RUNPATH_SEARCH_PATHS = (
					"$(inherited)",
					"@executable_path/Frameworks",
					"@loader_path/Frameworks",
				);
				PRODUCT_BUNDLE_IDENTIFIER = com.leicheng9.PomodoroFocusUITests;
				SDKROOT = iphoneos;
				SWIFT_VERSION = 6.0;
				TARGETED_DEVICE_FAMILY = "1,2";
				TEST_HOST = "";
				TEST_TARGET_NAME = PomodoroFocus;
			};
			name = Debug;
		};
		720B08763542E573B739AF32 /* Debug */ = {
			isa = XCBuildConfiguration;
			buildSettings = {
				ALWAYS_SEARCH_USER_PATHS = NO;
				CLANG_ANALYZER_NONNULL = YES;
				CLANG_ANALYZER_NUMBER_OBJECT_CONVERSION = YES_AGGRESSIVE;
				CLANG_CXX_LANGUAGE_STANDARD = "gnu++14";
				CLANG_CXX_LIBRARY = "libc++";
				CLANG_ENABLE_MODULES = YES;
				CLANG_ENABLE_OBJC_ARC = YES;
				CLANG_ENABLE_OBJC_WEAK = YES;
				CLANG_WARN_BLOCK_CAPTURE_AUTORELEASING = YES;
				CLANG_WARN_BOOL_CONVERSION = YES;
				CLANG_WARN_COMMA = YES;
				CLANG_WARN_CONSTANT_CONVERSION = YES;
				CLANG_WARN_DEPRECATED_OBJC_IMPLEMENTATIONS = YES;
				CLANG_WARN_DIRECT_OBJC_ISA_USAGE = YES_ERROR;
				CLANG_WARN_DOCUMENTATION_COMMENTS = YES;
				CLANG_WARN_EMPTY_BODY = YES;
				CLANG_WARN_ENUM_CONVERSION = YES;
				CLANG_WARN_INFINITE_RECURSION = YES;
				CLANG_WARN_INT_CONVERSION = YES;
				CLANG_WARN_NON_LITERAL_NULL_CONVERSION = YES;
				CLANG_WARN_OBJC_IMPLICIT_RETAIN_SELF = YES;
				CLANG_WARN_OBJC_LITERAL_CONVERSION = YES;
				CLANG_WARN_OBJC_ROOT_CLASS = YES_ERROR;
				CLANG_WARN_QUOTED_INCLUDE_IN_FRAMEWORK_HEADER = YES;
				CLANG_WARN_RANGE_LOOP_ANALYSIS = YES;
				CLANG_WARN_STRICT_PROTOTYPES = YES;
				CLANG_WARN_SUSPICIOUS_MOVE = YES;
				CLANG_WARN_UNGUARDED_AVAILABILITY = YES_AGGRESSIVE;
				CLANG_WARN_UNREACHABLE_CODE = YES;
				CLANG_WARN__DUPLICATE_METHOD_MATCH = YES;
				COPY_PHASE_STRIP = NO;
				CURRENT_PROJECT_VERSION = 1;
				DEBUG_INFORMATION_FORMAT = dwarf;
				ENABLE_STRICT_OBJC_MSGSEND = YES;
				ENABLE_TESTABILITY = YES;
				GCC_C_LANGUAGE_STANDARD = gnu11;
				GCC_DYNAMIC_NO_PIC = NO;
				GCC_NO_COMMON_BLOCKS = YES;
				GCC_OPTIMIZATION_LEVEL = 0;
				GCC_PREPROCESSOR_DEFINITIONS = (
					"$(inherited)",
					"DEBUG=1",
				);
				GCC_WARN_64_TO_32_BIT_CONVERSION = YES;
				GCC_WARN_ABOUT_RETURN_TYPE = YES_ERROR;
				GCC_WARN_UNDECLARED_SELECTOR = YES;
				GCC_WARN_UNINITIALIZED_AUTOS = YES_AGGRESSIVE;
				GCC_WARN_UNUSED_FUNCTION = YES;
				GCC_WARN_UNUSED_VARIABLE = YES;
				IPHONEOS_DEPLOYMENT_TARGET = 17.0;
				MARKETING_VERSION = 1.0.0;
				MTL_ENABLE_DEBUG_INFO = INCLUDE_SOURCE;
				MTL_FAST_MATH = YES;
				ONLY_ACTIVE_ARCH = YES;
				PRODUCT_NAME = "$(TARGET_NAME)";
				SDKROOT = iphoneos;
				SWIFT_ACTIVE_COMPILATION_CONDITIONS = DEBUG;
				SWIFT_OPTIMIZATION_LEVEL = "-Onone";
				SWIFT_VERSION = 6.0;
				TARGETED_DEVICE_FAMILY = 1;
			};
			name = Debug;
		};
		90A7E0F6760FAD311C3E84AA /* Release */ = {
			isa = XCBuildConfiguration;
			buildSettings = {
				ALWAYS_SEARCH_USER_PATHS = NO;
				CLANG_ANALYZER_NONNULL = YES;
				CLANG_ANALYZER_NUMBER_OBJECT_CONVERSION = YES_AGGRESSIVE;
				CLANG_CXX_LANGUAGE_STANDARD = "gnu++14";
				CLANG_CXX_LIBRARY = "libc++";
				CLANG_ENABLE_MODULES = YES;
				CLANG_ENABLE_OBJC_ARC = YES;
				CLANG_ENABLE_OBJC_WEAK = YES;
				CLANG_WARN_BLOCK_CAPTURE_AUTORELEASING = YES;
				CLANG_WARN_BOOL_CONVERSION = YES;
				CLANG_WARN_COMMA = YES;
				CLANG_WARN_CONSTANT_CONVERSION = YES;
				CLANG_WARN_DEPRECATED_OBJC_IMPLEMENTATIONS = YES;
				CLANG_WARN_DIRECT_OBJC_ISA_USAGE = YES_ERROR;
				CLANG_WARN_DOCUMENTATION_COMMENTS = YES;
				CLANG_WARN_EMPTY_BODY = YES;
				CLANG_WARN_ENUM_CONVERSION = YES;
				CLANG_WARN_INFINITE_RECURSION = YES;
				CLANG_WARN_INT_CONVERSION = YES;
				CLANG_WARN_NON_LITERAL_NULL_CONVERSION = YES;
				CLANG_WARN_OBJC_IMPLICIT_RETAIN_SELF = YES;
				CLANG_WARN_OBJC_LITERAL_CONVERSION = YES;
				CLANG_WARN_OBJC_ROOT_CLASS = YES_ERROR;
				CLANG_WARN_QUOTED_INCLUDE_IN_FRAMEWORK_HEADER = YES;
				CLANG_WARN_RANGE_LOOP_ANALYSIS = YES;
				CLANG_WARN_STRICT_PROTOTYPES = YES;
				CLANG_WARN_SUSPICIOUS_MOVE = YES;
				CLANG_WARN_UNGUARDED_AVAILABILITY = YES_AGGRESSIVE;
				CLANG_WARN_UNREACHABLE_CODE = YES;
				CLANG_WARN__DUPLICATE_METHOD_MATCH = YES;
				COPY_PHASE_STRIP = NO;
				CURRENT_PROJECT_VERSION = 1;
				DEBUG_INFORMATION_FORMAT = "dwarf-with-dsym";
				ENABLE_NS_ASSERTIONS = NO;
				ENABLE_STRICT_OBJC_MSGSEND = YES;
				GCC_C_LANGUAGE_STANDARD = gnu11;
				GCC_NO_COMMON_BLOCKS = YES;
				GCC_WARN_64_TO_32_BIT_CONVERSION = YES;
				GCC_WARN_ABOUT_RETURN_TYPE = YES_ERROR;
				GCC_WARN_UNDECLARED_SELECTOR = YES;
				GCC_WARN_UNINITIALIZED_AUTOS = YES_AGGRESSIVE;
				GCC_WARN_UNUSED_FUNCTION = YES;
				GCC_WARN_UNUSED_VARIABLE = YES;
				IPHONEOS_DEPLOYMENT_TARGET = 17.0;
				MARKETING_VERSION = 1.0.0;
				MTL_ENABLE_DEBUG_INFO = NO;
				MTL_FAST_MATH = YES;
				PRODUCT_NAME = "$(TARGET_NAME)";
				SDKROOT = iphoneos;
				SWIFT_COMPILATION_MODE = wholemodule;
				SWIFT_OPTIMIZATION_LEVEL = "-O";
				SWIFT_VERSION = 6.0;
				TARGETED_DEVICE_FAMILY = 1;
			};
			name = Release;
		};
		9AC2581CB204A5150B0A7592 /* Debug */ = {
			isa = XCBuildConfiguration;
			buildSettings = {
				BUNDLE_LOADER = "$(TEST_HOST)";
				GENERATE_INFOPLIST_FILE = YES;
				LD_RUNPATH_SEARCH_PATHS = (
					"$(inherited)",
					"@executable_path/Frameworks",
					"@loader_path/Frameworks",
				);
				PRODUCT_BUNDLE_IDENTIFIER = com.leicheng9.PomodoroFocusTests;
				SDKROOT = iphoneos;
				SWIFT_VERSION = 6.0;
				TARGETED_DEVICE_FAMILY = "1,2";
				TEST_HOST = "$(BUILT_PRODUCTS_DIR)/PomodoroFocus.app/PomodoroFocus";
			};
			name = Debug;
		};
		9D0CB6572ACB97DA17FC8B70 /* Release */ = {
			isa = XCBuildConfiguration;
			buildSettings = {
				BUNDLE_LOADER = "";
				GENERATE_INFOPLIST_FILE = YES;
				LD_RUNPATH_SEARCH_PATHS = (
					"$(inherited)",
					"@executable_path/Frameworks",
					"@loader_path/Frameworks",
				);
				PRODUCT_BUNDLE_IDENTIFIER = com.leicheng9.PomodoroFocusUITests;
				SDKROOT = iphoneos;
				SWIFT_VERSION = 6.0;
				TARGETED_DEVICE_FAMILY = "1,2";
				TEST_HOST = "";
				TEST_TARGET_NAME = PomodoroFocus;
			};
			name = Release;
		};
		AA78A490C080B0A1A6342242 /* Debug */ = {
			isa = XCBuildConfiguration;
			buildSettings = {
				ASSETCATALOG_COMPILER_APPICON_NAME = AppIcon;
				CODE_SIGN_IDENTITY = "iPhone Developer";
				GENERATE_INFOPLIST_FILE = YES;
				INFOPLIST_KEY_NSUserNotificationsUsageDescription = "专注完成时发送提醒通知";
				INFOPLIST_KEY_UIApplicationSceneManifest_Generation = YES;
				INFOPLIST_KEY_UILaunchScreen_Generation = YES;
				LD_RUNPATH_SEARCH_PATHS = (
					"$(inherited)",
					"@executable_path/Frameworks",
				);
				PRIVACY_MANIFEST = Sources/PomodoroFocus/PrivacyInfo.xcprivacy;
				PRODUCT_BUNDLE_IDENTIFIER = com.leicheng9.PomodoroFocus;
				SDKROOT = iphoneos;
				SWIFT_EMIT_LOC_STRINGS = YES;
				TARGETED_DEVICE_FAMILY = 1;
			};
			name = Debug;
		};
		AC8F6DC5BE1F23EDDECCC2C7 /* Release */ = {
			isa = XCBuildConfiguration;
			buildSettings = {
				BUNDLE_LOADER = "$(TEST_HOST)";
				GENERATE_INFOPLIST_FILE = YES;
				LD_RUNPATH_SEARCH_PATHS = (
					"$(inherited)",
					"@executable_path/Frameworks",
					"@loader_path/Frameworks",
				);
				PRODUCT_BUNDLE_IDENTIFIER = com.leicheng9.PomodoroFocusTests;
				SDKROOT = iphoneos;
				SWIFT_VERSION = 6.0;
				TARGETED_DEVICE_FAMILY = "1,2";
				TEST_HOST = "$(BUILT_PRODUCTS_DIR)/PomodoroFocus.app/PomodoroFocus";
			};
			name = Release;
		};
		E8F74F25C7DAD3CD76DA0E46 /* Release */ = {
			isa = XCBuildConfiguration;
			buildSettings = {
				ASSETCATALOG_COMPILER_APPICON_NAME = AppIcon;
				CODE_SIGN_IDENTITY = "iPhone Developer";
				GENERATE_INFOPLIST_FILE = YES;
				INFOPLIST_KEY_NSUserNotificationsUsageDescription = "专注完成时发送提醒通知";
				INFOPLIST_KEY_UIApplicationSceneManifest_Generation = YES;
				INFOPLIST_KEY_UILaunchScreen_Generation = YES;
				LD_RUNPATH_SEARCH_PATHS = (
					"$(inherited)",
					"@executable_path/Frameworks",
				);
				PRIVACY_MANIFEST = Sources/PomodoroFocus/PrivacyInfo.xcprivacy;
				PRODUCT_BUNDLE_IDENTIFIER = com.leicheng9.PomodoroFocus;
				SDKROOT = iphoneos;
				SWIFT_EMIT_LOC_STRINGS = YES;
				TARGETED_DEVICE_FAMILY = 1;
			};
			name = Release;
		};
/* End XCBuildConfiguration section */

/* Begin XCConfigurationList section */
		523D79AD1FA213753B4C9D88 /* Build configuration list for PBXNativeTarget "PomodoroFocusUITests" */ = {
			isa = XCConfigurationList;
			buildConfigurations = (
				64C58A7EC64A6667131B8336 /* Debug */,
				9D0CB6572ACB97DA17FC8B70 /* Release */,
			);
			defaultConfigurationIsVisible = 0;
			defaultConfigurationName = Debug;
		};
		59F9FE8C43B816230BF93765 /* Build configuration list for PBXNativeTarget "PomodoroFocusTests" */ = {
			isa = XCConfigurationList;
			buildConfigurations = (
				9AC2581CB204A5150B0A7592 /* Debug */,
				AC8F6DC5BE1F23EDDECCC2C7 /* Release */,
			);
			defaultConfigurationIsVisible = 0;
			defaultConfigurationName = Debug;
		};
		66EE7BE016EBFB03D3314D39 /* Build configuration list for PBXNativeTarget "PomodoroFocus" */ = {
			isa = XCConfigurationList;
			buildConfigurations = (
				AA78A490C080B0A1A6342242 /* Debug */,
				E8F74F25C7DAD3CD76DA0E46 /* Release */,
			);
			defaultConfigurationIsVisible = 0;
			defaultConfigurationName = Debug;
		};
		7E36D267D8792FA8094B6DB7 /* Build configuration list for PBXProject "PomodoroFocus" */ = {
			isa = XCConfigurationList;
			buildConfigurations = (
				720B08763542E573B739AF32 /* Debug */,
				90A7E0F6760FAD311C3E84AA /* Release */,
			);
			defaultConfigurationIsVisible = 0;
			defaultConfigurationName = Debug;
		};
/* End XCConfigurationList section */
	};
	rootObject = FE726AE6F471FC09A14C12BA /* Project object */;
}
